<?xml version="1.0" encoding="utf-8"?>
<Project ToolsVersion="4.0" xmlns="http://schemas.microsoft.com/developer/msbuild/2003">
  <ItemGroup>
    <Filter Include="源文件">
      <UniqueIdentifier>{4FC737F1-C7A5-4376-A066-2A32D752A2FF}</UniqueIdentifier>
      <Extensions>cpp;c;cc;cxx;def;odl;idl;hpj;bat;asm;asmx</Extensions>
    </Filter>
    <Filter Include="头文件">
      <UniqueIdentifier>{93995380-89BD-4b04-88EB-625FBE52EBFB}</UniqueIdentifier>
      <Extensions>h;hh;hpp;hxx;hm;inl;inc;xsd</Extensions>
    </Filter>
    <Filter Include="资源文件">
      <UniqueIdentifier>{67DA6AB6-F800-4c08-8B7A-83BB121AAD01}</UniqueIdentifier>
      <Extensions>rc;ico;cur;bmp;dlg;rc2;rct;bin;rgs;gif;jpg;jpeg;jpe;resx;tiff;tif;png;wav;mfcribbon-ms</Extensions>
    </Filter>
    <Filter Include="lualib">
      <UniqueIdentifier>{4006573e-a1c1-4445-8e75-0bec41a4d514}</UniqueIdentifier>
    </Filter>
    <Filter Include="lpeg">
      <UniqueIdentifier>{75c402fe-52a1-4e1b-ae45-761474b0aef1}</UniqueIdentifier>
    </Filter>
    <Filter Include="cjson">
      <UniqueIdentifier>{ef1a6684-c562-4fe8-beed-b3245bacc563}</UniqueIdentifier>
    </Filter>
    <Filter Include="sqlite">
      <UniqueIdentifier>{eb4d8784-829c-4ea6-924b-56e5c0b77ce4}</UniqueIdentifier>
    </Filter>
    <Filter Include="luasocket">
      <UniqueIdentifier>{0af4d60c-cc28-4716-8a3f-8f2ed00ecb91}</UniqueIdentifier>
    </Filter>
  </ItemGroup>
  <ItemGroup>
    <ClCompile Include="..\..\lua-5.1.5\src\lapi.c">
      <Filter>lualib</Filter>
    </ClCompile>
    <ClCompile Include="..\..\lua-5.1.5\src\lauxlib.c">
      <Filter>lualib</Filter>
    </ClCompile>
    <ClCompile Include="..\..\lua-5.1.5\src\lbaselib.c">
      <Filter>lualib</Filter>
    </ClCompile>
    <ClCompile Include="..\..\lua-5.1.5\src\lcode.c">
      <Filter>lualib</Filter>
    </ClCompile>
    <ClCompile Include="..\..\lua-5.1.5\src\ldblib.c">
      <Filter>lualib</Filter>
    </ClCompile>
    <ClCompile Include="..\..\lua-5.1.5\src\ldebug.c">
      <Filter>lualib</Filter>
    </ClCompile>
    <ClCompile Include="..\..\lua-5.1.5\src\ldo.c">
      <Filter>lualib</Filter>
    </ClCompile>
    <ClCompile Include="..\..\lua-5.1.5\src\ldump.c">
      <Filter>lualib</Filter>
    </ClCompile>
    <ClCompile Include="..\..\lua-5.1.5\src\lfunc.c">
      <Filter>lualib</Filter>
    </ClCompile>
    <ClCompile Include="..\..\lua-5.1.5\src\lgc.c">
      <Filter>lualib</Filter>
    </ClCompile>
    <ClCompile Include="..\..\lua-5.1.5\src\linit.c">
      <Filter>lualib</Filter>
    </ClCompile>
    <ClCompile Include="..\..\lua-5.1.5\src\liolib.c">
      <Filter>lualib</Filter>
    </ClCompile>
    <ClCompile Include="..\..\lua-5.1.5\src\llex.c">
      <Filter>lualib</Filter>
    </ClCompile>
    <ClCompile Include="..\..\lua-5.1.5\src\lmathlib.c">
      <Filter>lualib</Filter>
    </ClCompile>
    <ClCompile Include="..\..\lua-5.1.5\src\lmem.c">
      <Filter>lualib</Filter>
    </ClCompile>
    <ClCompile Include="..\..\lua-5.1.5\src\loadlib.c">
      <Filter>lualib</Filter>
    </ClCompile>
    <ClCompile Include="..\..\lua-5.1.5\src\lobject.c">
      <Filter>lualib</Filter>
    </ClCompile>
    <ClCompile Include="..\..\lua-5.1.5\src\lopcodes.c">
      <Filter>lualib</Filter>
    </ClCompile>
    <ClCompile Include="..\..\lua-5.1.5\src\loslib.c">
      <Filter>lualib</Filter>
    </ClCompile>
    <ClCompile Include="..\..\lua-5.1.5\src\lparser.c">
      <Filter>lualib</Filter>
    </ClCompile>
    <ClCompile Include="..\..\lua-5.1.5\src\lstate.c">
      <Filter>lualib</Filter>
    </ClCompile>
    <ClCompile Include="..\..\lua-5.1.5\src\lstring.c">
      <Filter>lualib</Filter>
    </ClCompile>
    <ClCompile Include="..\..\lua-5.1.5\src\lstrlib.c">
      <Filter>lualib</Filter>
    </ClCompile>
    <ClCompile Include="..\..\lua-5.1.5\src\ltable.c">
      <Filter>lualib</Filter>
    </ClCompile>
    <ClCompile Include="..\..\lua-5.1.5\src\ltablib.c">
      <Filter>lualib</Filter>
    </ClCompile>
    <ClCompile Include="..\..\lua-5.1.5\src\ltm.c">
      <Filter>lualib</Filter>
    </ClCompile>
    <ClCompile Include="..\..\lua-5.1.5\src\lundump.c">
      <Filter>lualib</Filter>
    </ClCompile>
    <ClCompile Include="..\..\lua-5.1.5\src\lvm.c">
      <Filter>lualib</Filter>
    </ClCompile>
    <ClCompile Include="..\..\lua-5.1.5\src\lzio.c">
      <Filter>lualib</Filter>
    </ClCompile>
    <ClCompile Include="..\..\lua-5.1.5\src\print.c">
      <Filter>lualib</Filter>
    </ClCompile>
    <ClCompile Include="FLua.cpp">
      <Filter>源文件</Filter>
    </ClCompile>
    <ClCompile Include="..\..\pb.c">
      <Filter>源文件</Filter>
    </ClCompile>
    <ClCompile Include="..\..\slua.c">
      <Filter>源文件</Filter>
    </ClCompile>
    <ClCompile Include="..\..\lpeg\lpeg.c">
      <Filter>lpeg</Filter>
    </ClCompile>
    <ClCompile Include="..\..\cjson\lua_cjson.c">
      <Filter>cjson</Filter>
    </ClCompile>
    <ClCompile Include="..\..\cjson\fpconv.c">
      <Filter>cjson</Filter>
    </ClCompile>
    <ClCompile Include="..\..\cjson\strbuf.c">
      <Filter>cjson</Filter>
    </ClCompile>
    <ClCompile Include="..\..\sqlite\lsqlite3.c">
      <Filter>sqlite</Filter>
    </ClCompile>
    <ClCompile Include="..\..\sqlite\src\sqlite3.c">
      <Filter>sqlite</Filter>
    </ClCompile>
    <ClCompile Include="..\..\luasocket\src\auxiliar.c">
      <Filter>luasocket</Filter>
    </ClCompile>
    <ClCompile Include="..\..\luasocket\src\buffer.c">
      <Filter>luasocket</Filter>
    </ClCompile>
    <ClCompile Include="..\..\luasocket\src\except.c">
      <Filter>luasocket</Filter>
    </ClCompile>
    <ClCompile Include="..\..\luasocket\src\inet.c">
      <Filter>luasocket</Filter>
    </ClCompile>
    <ClCompile Include="..\..\luasocket\src\io.c">
      <Filter>luasocket</Filter>
    </ClCompile>
    <ClCompile Include="..\..\luasocket\src\luasocket.c">
      <Filter>luasocket</Filter>
    </ClCompile>
    <ClCompile Include="..\..\luasocket\src\mime.c">
      <Filter>luasocket</Filter>
    </ClCompile>
    <ClCompile Include="..\..\luasocket\src\options.c">
      <Filter>luasocket</Filter>
    </ClCompile>
    <ClCompile Include="..\..\luasocket\src\select.c">
      <Filter>luasocket</Filter>
    </ClCompile>
    <ClCompile Include="..\..\luasocket\src\tcp.c">
      <Filter>luasocket</Filter>
    </ClCompile>
    <ClCompile Include="..\..\luasocket\src\timeout.c">
      <Filter>luasocket</Filter>
    </ClCompile>
    <ClCompile Include="..\..\luasocket\src\udp.c">
      <Filter>luasocket</Filter>
    </ClCompile>
    <ClCompile Include="..\..\luasocket\src\wsocket.c">
      <Filter>luasocket</Filter>
    </ClCompile>
    <ClCompile Include="..\..\bit.c">
      <Filter>源文件</Filter>
    </ClCompile>
  </ItemGroup>
  <ItemGroup>
    <ClInclude Include="..\..\lua-5.1.5\src\lapi.h">
      <Filter>lualib</Filter>
    </ClInclude>
    <ClInclude Include="..\..\lua-5.1.5\src\lauxlib.h">
      <Filter>lualib</Filter>
    </ClInclude>
    <ClInclude Include="..\..\lua-5.1.5\src\lcode.h">
      <Filter>lualib</Filter>
    </ClInclude>
    <ClInclude Include="..\..\lua-5.1.5\src\ldebug.h">
      <Filter>lualib</Filter>
    </ClInclude>
    <ClInclude Include="..\..\lua-5.1.5\src\ldo.h">
      <Filter>lualib</Filter>
    </ClInclude>
    <ClInclude Include="..\..\lua-5.1.5\src\lfunc.h">
      <Filter>lualib</Filter>
    </ClInclude>
    <ClInclude Include="..\..\lua-5.1.5\src\lgc.h">
      <Filter>lualib</Filter>
    </ClInclude>
    <ClInclude Include="..\..\lua-5.1.5\src\llex.h">
      <Filter>lualib</Filter>
    </ClInclude>
    <ClInclude Include="..\..\lua-5.1.5\src\llimits.h">
      <Filter>lualib</Filter>
    </ClInclude>
    <ClInclude Include="..\..\lua-5.1.5\src\lmem.h">
      <Filter>lualib</Filter>
    </ClInclude>
    <ClInclude Include="..\..\lua-5.1.5\src\lobject.h">
      <Filter>lualib</Filter>
    </ClInclude>
    <ClInclude Include="..\..\lua-5.1.5\src\lopcodes.h">
      <Filter>lualib</Filter>
    </ClInclude>
    <ClInclude Include="..\..\lua-5.1.5\src\lparser.h">
      <Filter>lualib</Filter>
    </ClInclude>
    <ClInclude Include="..\..\lua-5.1.5\src\lstate.h">
      <Filter>lualib</Filter>
    </ClInclude>
    <ClInclude Include="..\..\lua-5.1.5\src\lstring.h">
      <Filter>lualib</Filter>
    </ClInclude>
    <ClInclude Include="..\..\lua-5.1.5\src\ltable.h">
      <Filter>lualib</Filter>
    </ClInclude>
    <ClInclude Include="..\..\lua-5.1.5\src\ltm.h">
      <Filter>lualib</Filter>
    </ClInclude>
    <ClInclude Include="..\..\lua-5.1.5\src\lua.h">
      <Filter>lualib</Filter>
    </ClInclude>
    <ClInclude Include="..\..\lua-5.1.5\src\luaconf.h">
      <Filter>lualib</Filter>
    </ClInclude>
    <ClInclude Include="..\..\lua-5.1.5\src\lualib.h">
      <Filter>lualib</Filter>
    </ClInclude>
    <ClInclude Include="..\..\lua-5.1.5\src\lundump.h">
      <Filter>lualib</Filter>
    </ClInclude>
    <ClInclude Include="..\..\lua-5.1.5\src\lvm.h">
      <Filter>lualib</Filter>
    </ClInclude>
    <ClInclude Include="..\..\lua-5.1.5\src\lzio.h">
      <Filter>lualib</Filter>
    </ClInclude>
    <ClInclude Include="..\..\lpeg\lpeg.h">
      <Filter>lpeg</Filter>
    </ClInclude>
    <ClInclude Include="..\..\cjson\fpconv.h">
      <Filter>cjson</Filter>
    </ClInclude>
    <ClInclude Include="..\..\cjson\strbuf.h">
      <Filter>cjson</Filter>
    </ClInclude>
    <ClInclude Include="..\..\sqlite\src\sqlite3.h">
      <Filter>sqlite</Filter>
    </ClInclude>
    <ClInclude Include="..\..\luasocket\src\auxiliar.h">
      <Filter>luasocket</Filter>
    </ClInclude>
    <ClInclude Include="..\..\luasocket\src\buffer.h">
      <Filter>luasocket</Filter>
    </ClInclude>
    <ClInclude Include="..\..\luasocket\src\except.h">
      <Filter>luasocket</Filter>
    </ClInclude>
    <ClInclude Include="..\..\luasocket\src\inet.h">
      <Filter>luasocket</Filter>
    </ClInclude>
    <ClInclude Include="..\..\luasocket\src\io.h">
      <Filter>luasocket</Filter>
    </ClInclude>
    <ClInclude Include="..\..\luasocket\src\luasocket.h">
      <Filter>luasocket</Filter>
    </ClInclude>
    <ClInclude Include="..\..\luasocket\src\mime.h">
      <Filter>luasocket</Filter>
    </ClInclude>
    <ClInclude Include="..\..\luasocket\src\options.h">
      <Filter>luasocket</Filter>
    </ClInclude>
    <ClInclude Include="..\..\luasocket\src\select.h">
      <Filter>luasocket</Filter>
    </ClInclude>
    <ClInclude Include="..\..\luasocket\src\socket.h">
      <Filter>luasocket</Filter>
    </ClInclude>
    <ClInclude Include="..\..\luasocket\src\tcp.h">
      <Filter>luasocket</Filter>
    </ClInclude>
    <ClInclude Include="..\..\luasocket\src\timeout.h">
      <Filter>luasocket</Filter>
    </ClInclude>
    <ClInclude Include="..\..\luasocket\src\udp.h">
      <Filter>luasocket</Filter>
    </ClInclude>
    <ClInclude Include="..\..\luasocket\src\wsocket.h">
      <Filter>luasocket</Filter>
    </ClInclude>
    <ClInclude Include="FLua.h">
      <Filter>头文件</Filter>
    </ClInclude>
  </ItemGroup>
  <ItemGroup>
    <None Include="..\..\lua-5.1.5\src\Makefile">
      <Filter>lualib</Filter>
    </None>
  </ItemGroup>
</Project>