<?xml version="1.0" encoding="UTF-8"?>
<Project ToolsVersion="14.0" xmlns="http://schemas.microsoft.com/developer/msbuild/2003">
  <ItemGroup>
    <ClCompile Include="E:\UnityWorks\WorkHere\UnityLuaGame\build\luajit-2.0.4\src\lj_gc.c">
      <Filter>src</Filter>
    </ClCompile>
    <ClCompile Include="E:\UnityWorks\WorkHere\UnityLuaGame\build\luajit-2.0.4\src\lj_err.c">
      <Filter>src</Filter>
    </ClCompile>
    <ClCompile Include="E:\UnityWorks\WorkHere\UnityLuaGame\build\luajit-2.0.4\src\lj_char.c">
      <Filter>src</Filter>
    </ClCompile>
    <ClCompile Include="E:\UnityWorks\WorkHere\UnityLuaGame\build\luajit-2.0.4\src\lj_bc.c">
      <Filter>src</Filter>
    </ClCompile>
    <ClCompile Include="E:\UnityWorks\WorkHere\UnityLuaGame\build\luajit-2.0.4\src\lj_obj.c">
      <Filter>src</Filter>
    </ClCompile>
    <ClCompile Include="E:\UnityWorks\WorkHere\UnityLuaGame\build\luajit-2.0.4\src\lj_str.c">
      <Filter>src</Filter>
    </ClCompile>
    <ClCompile Include="E:\UnityWorks\WorkHere\UnityLuaGame\build\luajit-2.0.4\src\lj_tab.c">
      <Filter>src</Filter>
    </ClCompile>
    <ClCompile Include="E:\UnityWorks\WorkHere\UnityLuaGame\build\luajit-2.0.4\src\lj_func.c">
      <Filter>src</Filter>
    </ClCompile>
    <ClCompile Include="E:\UnityWorks\WorkHere\UnityLuaGame\build\luajit-2.0.4\src\lj_udata.c">
      <Filter>src</Filter>
    </ClCompile>
    <ClCompile Include="E:\UnityWorks\WorkHere\UnityLuaGame\build\luajit-2.0.4\src\lj_meta.c">
      <Filter>src</Filter>
    </ClCompile>
    <ClCompile Include="E:\UnityWorks\WorkHere\UnityLuaGame\build\luajit-2.0.4\src\lj_debug.c">
      <Filter>src</Filter>
    </ClCompile>
    <ClCompile Include="E:\UnityWorks\WorkHere\UnityLuaGame\build\luajit-2.0.4\src\lj_state.c">
      <Filter>src</Filter>
    </ClCompile>
    <ClCompile Include="E:\UnityWorks\WorkHere\UnityLuaGame\build\luajit-2.0.4\src\lj_dispatch.c">
      <Filter>src</Filter>
    </ClCompile>
    <ClCompile Include="E:\UnityWorks\WorkHere\UnityLuaGame\build\luajit-2.0.4\src\lj_vmevent.c">
      <Filter>src</Filter>
    </ClCompile>
    <ClCompile Include="E:\UnityWorks\WorkHere\UnityLuaGame\build\luajit-2.0.4\src\lj_vmmath.c">
      <Filter>src</Filter>
    </ClCompile>
    <ClCompile Include="E:\UnityWorks\WorkHere\UnityLuaGame\build\luajit-2.0.4\src\lj_strscan.c">
      <Filter>src</Filter>
    </ClCompile>
    <ClCompile Include="E:\UnityWorks\WorkHere\UnityLuaGame\build\luajit-2.0.4\src\lj_api.c">
      <Filter>src</Filter>
    </ClCompile>
    <ClCompile Include="E:\UnityWorks\WorkHere\UnityLuaGame\build\luajit-2.0.4\src\lj_lex.c">
      <Filter>src</Filter>
    </ClCompile>
    <ClCompile Include="E:\UnityWorks\WorkHere\UnityLuaGame\build\luajit-2.0.4\src\lj_parse.c">
      <Filter>src</Filter>
    </ClCompile>
    <ClCompile Include="E:\UnityWorks\WorkHere\UnityLuaGame\build\luajit-2.0.4\src\lj_bcread.c">
      <Filter>src</Filter>
    </ClCompile>
    <ClCompile Include="E:\UnityWorks\WorkHere\UnityLuaGame\build\luajit-2.0.4\src\lj_bcwrite.c">
      <Filter>src</Filter>
    </ClCompile>
    <ClCompile Include="E:\UnityWorks\WorkHere\UnityLuaGame\build\luajit-2.0.4\src\lj_load.c">
      <Filter>src</Filter>
    </ClCompile>
    <ClCompile Include="E:\UnityWorks\WorkHere\UnityLuaGame\build\luajit-2.0.4\src\lj_ir.c">
      <Filter>src</Filter>
    </ClCompile>
    <ClCompile Include="E:\UnityWorks\WorkHere\UnityLuaGame\build\luajit-2.0.4\src\lj_opt_mem.c">
      <Filter>src</Filter>
    </ClCompile>
    <ClCompile Include="E:\UnityWorks\WorkHere\UnityLuaGame\build\luajit-2.0.4\src\lj_opt_fold.c">
      <Filter>src</Filter>
    </ClCompile>
    <ClCompile Include="E:\UnityWorks\WorkHere\UnityLuaGame\build\luajit-2.0.4\src\lj_opt_narrow.c">
      <Filter>src</Filter>
    </ClCompile>
    <ClCompile Include="E:\UnityWorks\WorkHere\UnityLuaGame\build\luajit-2.0.4\src\lj_opt_dce.c">
      <Filter>src</Filter>
    </ClCompile>
    <ClCompile Include="E:\UnityWorks\WorkHere\UnityLuaGame\build\luajit-2.0.4\src\lj_opt_loop.c">
      <Filter>src</Filter>
    </ClCompile>
    <ClCompile Include="E:\UnityWorks\WorkHere\UnityLuaGame\build\luajit-2.0.4\src\lj_opt_split.c">
      <Filter>src</Filter>
    </ClCompile>
    <ClCompile Include="E:\UnityWorks\WorkHere\UnityLuaGame\build\luajit-2.0.4\src\lj_opt_sink.c">
      <Filter>src</Filter>
    </ClCompile>
    <ClCompile Include="E:\UnityWorks\WorkHere\UnityLuaGame\build\luajit-2.0.4\src\lj_mcode.c">
      <Filter>src</Filter>
    </ClCompile>
    <ClCompile Include="E:\UnityWorks\WorkHere\UnityLuaGame\build\luajit-2.0.4\src\lj_snap.c">
      <Filter>src</Filter>
    </ClCompile>
    <ClCompile Include="E:\UnityWorks\WorkHere\UnityLuaGame\build\luajit-2.0.4\src\lj_record.c">
      <Filter>src</Filter>
    </ClCompile>
    <ClCompile Include="E:\UnityWorks\WorkHere\UnityLuaGame\build\luajit-2.0.4\src\lj_crecord.c">
      <Filter>src</Filter>
    </ClCompile>
    <ClCompile Include="E:\UnityWorks\WorkHere\UnityLuaGame\build\luajit-2.0.4\src\lj_ffrecord.c">
      <Filter>src</Filter>
    </ClCompile>
    <ClCompile Include="E:\UnityWorks\WorkHere\UnityLuaGame\build\luajit-2.0.4\src\lj_asm.c">
      <Filter>src</Filter>
    </ClCompile>
    <ClCompile Include="E:\UnityWorks\WorkHere\UnityLuaGame\build\luajit-2.0.4\src\lj_trace.c">
      <Filter>src</Filter>
    </ClCompile>
    <ClCompile Include="E:\UnityWorks\WorkHere\UnityLuaGame\build\luajit-2.0.4\src\lj_gdbjit.c">
      <Filter>src</Filter>
    </ClCompile>
    <ClCompile Include="E:\UnityWorks\WorkHere\UnityLuaGame\build\luajit-2.0.4\src\lj_ctype.c">
      <Filter>src</Filter>
    </ClCompile>
    <ClCompile Include="E:\UnityWorks\WorkHere\UnityLuaGame\build\luajit-2.0.4\src\lj_cdata.c">
      <Filter>src</Filter>
    </ClCompile>
    <ClCompile Include="E:\UnityWorks\WorkHere\UnityLuaGame\build\luajit-2.0.4\src\lj_cconv.c">
      <Filter>src</Filter>
    </ClCompile>
    <ClCompile Include="E:\UnityWorks\WorkHere\UnityLuaGame\build\luajit-2.0.4\src\lj_ccall.c">
      <Filter>src</Filter>
    </ClCompile>
    <ClCompile Include="E:\UnityWorks\WorkHere\UnityLuaGame\build\luajit-2.0.4\src\lj_ccallback.c">
      <Filter>src</Filter>
    </ClCompile>
    <ClCompile Include="E:\UnityWorks\WorkHere\UnityLuaGame\build\luajit-2.0.4\src\lj_carith.c">
      <Filter>src</Filter>
    </ClCompile>
    <ClCompile Include="E:\UnityWorks\WorkHere\UnityLuaGame\build\luajit-2.0.4\src\lj_clib.c">
      <Filter>src</Filter>
    </ClCompile>
    <ClCompile Include="E:\UnityWorks\WorkHere\UnityLuaGame\build\luajit-2.0.4\src\lj_cparse.c">
      <Filter>src</Filter>
    </ClCompile>
    <ClCompile Include="E:\UnityWorks\WorkHere\UnityLuaGame\build\luajit-2.0.4\src\lj_lib.c">
      <Filter>src</Filter>
    </ClCompile>
    <ClCompile Include="E:\UnityWorks\WorkHere\UnityLuaGame\build\luajit-2.0.4\src\lj_alloc.c">
      <Filter>src</Filter>
    </ClCompile>
    <ClCompile Include="E:\UnityWorks\WorkHere\UnityLuaGame\build\luajit-2.0.4\src\lib_aux.c">
      <Filter>src</Filter>
    </ClCompile>
    <ClCompile Include="E:\UnityWorks\WorkHere\UnityLuaGame\build\luajit-2.0.4\src\lib_init.c">
      <Filter>src</Filter>
    </ClCompile>
    <ClCompile Include="E:\UnityWorks\WorkHere\UnityLuaGame\build\luajit-2.0.4\src\lib_base.c">
      <Filter>src</Filter>
    </ClCompile>
    <ClCompile Include="E:\UnityWorks\WorkHere\UnityLuaGame\build\luajit-2.0.4\src\lib_math.c">
      <Filter>src</Filter>
    </ClCompile>
    <ClCompile Include="E:\UnityWorks\WorkHere\UnityLuaGame\build\luajit-2.0.4\src\lib_bit.c">
      <Filter>src</Filter>
    </ClCompile>
    <ClCompile Include="E:\UnityWorks\WorkHere\UnityLuaGame\build\luajit-2.0.4\src\lib_string.c">
      <Filter>src</Filter>
    </ClCompile>
    <ClCompile Include="E:\UnityWorks\WorkHere\UnityLuaGame\build\luajit-2.0.4\src\lib_table.c">
      <Filter>src</Filter>
    </ClCompile>
    <ClCompile Include="E:\UnityWorks\WorkHere\UnityLuaGame\build\luajit-2.0.4\src\lib_io.c">
      <Filter>src</Filter>
    </ClCompile>
    <ClCompile Include="E:\UnityWorks\WorkHere\UnityLuaGame\build\luajit-2.0.4\src\lib_os.c">
      <Filter>src</Filter>
    </ClCompile>
    <ClCompile Include="E:\UnityWorks\WorkHere\UnityLuaGame\build\luajit-2.0.4\src\lib_debug.c">
      <Filter>src</Filter>
    </ClCompile>
    <ClCompile Include="E:\UnityWorks\WorkHere\UnityLuaGame\build\luajit-2.0.4\src\lib_jit.c">
      <Filter>src</Filter>
    </ClCompile>
    <ClCompile Include="E:\UnityWorks\WorkHere\UnityLuaGame\build\luajit-2.0.4\src\lib_ffi.c">
      <Filter>src</Filter>
    </ClCompile>
    <ClCompile Include="E:\UnityWorks\WorkHere\UnityLuaGame\build\luajit-2.0.4\src\lib_package_rel.c">
      <Filter>src</Filter>
    </ClCompile>
    <ClCompile Include="E:\UnityWorks\WorkHere\UnityLuaGame\build\luasocket-2.0.2\src\auxiliar.c">
      <Filter>../luasocket-2.0.2/src</Filter>
    </ClCompile>
    <ClCompile Include="E:\UnityWorks\WorkHere\UnityLuaGame\build\luasocket-2.0.2\src\buffer.c">
      <Filter>../luasocket-2.0.2/src</Filter>
    </ClCompile>
    <ClCompile Include="E:\UnityWorks\WorkHere\UnityLuaGame\build\luasocket-2.0.2\src\except.c">
      <Filter>../luasocket-2.0.2/src</Filter>
    </ClCompile>
    <ClCompile Include="E:\UnityWorks\WorkHere\UnityLuaGame\build\luasocket-2.0.2\src\inet.c">
      <Filter>../luasocket-2.0.2/src</Filter>
    </ClCompile>
    <ClCompile Include="E:\UnityWorks\WorkHere\UnityLuaGame\build\luasocket-2.0.2\src\io.c">
      <Filter>../luasocket-2.0.2/src</Filter>
    </ClCompile>
    <ClCompile Include="E:\UnityWorks\WorkHere\UnityLuaGame\build\luasocket-2.0.2\src\options.c">
      <Filter>../luasocket-2.0.2/src</Filter>
    </ClCompile>
    <ClCompile Include="E:\UnityWorks\WorkHere\UnityLuaGame\build\luasocket-2.0.2\src\select.c">
      <Filter>../luasocket-2.0.2/src</Filter>
    </ClCompile>
    <ClCompile Include="E:\UnityWorks\WorkHere\UnityLuaGame\build\luasocket-2.0.2\src\tcp.c">
      <Filter>../luasocket-2.0.2/src</Filter>
    </ClCompile>
    <ClCompile Include="E:\UnityWorks\WorkHere\UnityLuaGame\build\luasocket-2.0.2\src\timeout.c">
      <Filter>../luasocket-2.0.2/src</Filter>
    </ClCompile>
    <ClCompile Include="E:\UnityWorks\WorkHere\UnityLuaGame\build\luasocket-2.0.2\src\udp.c">
      <Filter>../luasocket-2.0.2/src</Filter>
    </ClCompile>
    <ClCompile Include="E:\UnityWorks\WorkHere\UnityLuaGame\build\luasocket-2.0.2\src\luasocket.c">
      <Filter>../luasocket-2.0.2/src</Filter>
    </ClCompile>
    <ClCompile Include="E:\UnityWorks\WorkHere\UnityLuaGame\build\luasocket-2.0.2\src\wsocket.c">
      <Filter>../luasocket-2.0.2/src</Filter>
    </ClCompile>
    <ClCompile Include="E:\UnityWorks\WorkHere\UnityLuaGame\build\lua-cjson-2.1.0\strbuf.c">
      <Filter>../lua-cjson-2.1.0</Filter>
    </ClCompile>
    <ClCompile Include="E:\UnityWorks\WorkHere\UnityLuaGame\build\lua-cjson-2.1.0\fpconv.c">
      <Filter>../lua-cjson-2.1.0</Filter>
    </ClCompile>
    <ClCompile Include="E:\UnityWorks\WorkHere\UnityLuaGame\build\lua-cjson-2.1.0\lua_cjson.c">
      <Filter>../lua-cjson-2.1.0</Filter>
    </ClCompile>
    <ClCompile Include="E:\UnityWorks\WorkHere\UnityLuaGame\build\lpeg\lpeg.c">
      <Filter>../lpeg</Filter>
    </ClCompile>
    <ClCompile Include="E:\UnityWorks\WorkHere\UnityLuaGame\build\pb.c">
      <Filter>..</Filter>
    </ClCompile>
    <ClCompile Include="E:\UnityWorks\WorkHere\UnityLuaGame\build\pbc-win\binding\lua\pbc-lua.c">
      <Filter>../pbc-win/binding/lua</Filter>
    </ClCompile>
    <ClCompile Include="E:\UnityWorks\WorkHere\UnityLuaGame\build\pbc-win\src\stringpool.c">
      <Filter>../pbc-win/src</Filter>
    </ClCompile>
    <ClCompile Include="E:\UnityWorks\WorkHere\UnityLuaGame\build\pbc-win\src\varint.c">
      <Filter>../pbc-win/src</Filter>
    </ClCompile>
    <ClCompile Include="E:\UnityWorks\WorkHere\UnityLuaGame\build\pbc-win\src\wmessage.c">
      <Filter>../pbc-win/src</Filter>
    </ClCompile>
    <ClCompile Include="E:\UnityWorks\WorkHere\UnityLuaGame\build\pbc-win\src\pattern.c">
      <Filter>../pbc-win/src</Filter>
    </ClCompile>
    <ClCompile Include="E:\UnityWorks\WorkHere\UnityLuaGame\build\pbc-win\src\proto.c">
      <Filter>../pbc-win/src</Filter>
    </ClCompile>
    <ClCompile Include="E:\UnityWorks\WorkHere\UnityLuaGame\build\pbc-win\src\register.c">
      <Filter>../pbc-win/src</Filter>
    </ClCompile>
    <ClCompile Include="E:\UnityWorks\WorkHere\UnityLuaGame\build\pbc-win\src\rmessage.c">
      <Filter>../pbc-win/src</Filter>
    </ClCompile>
    <ClCompile Include="E:\UnityWorks\WorkHere\UnityLuaGame\build\pbc-win\src\bootstrap.c">
      <Filter>../pbc-win/src</Filter>
    </ClCompile>
    <ClCompile Include="E:\UnityWorks\WorkHere\UnityLuaGame\build\pbc-win\src\context.c">
      <Filter>../pbc-win/src</Filter>
    </ClCompile>
    <ClCompile Include="E:\UnityWorks\WorkHere\UnityLuaGame\build\pbc-win\src\decode.c">
      <Filter>../pbc-win/src</Filter>
    </ClCompile>
    <ClCompile Include="E:\UnityWorks\WorkHere\UnityLuaGame\build\pbc-win\src\map.c">
      <Filter>../pbc-win/src</Filter>
    </ClCompile>
    <ClCompile Include="E:\UnityWorks\WorkHere\UnityLuaGame\build\pbc-win\src\array.c">
      <Filter>../pbc-win/src</Filter>
    </ClCompile>
    <ClCompile Include="E:\UnityWorks\WorkHere\UnityLuaGame\build\pbc-win\src\alloc.c">
      <Filter>../pbc-win/src</Filter>
    </ClCompile>
    <ClCompile Include="E:\UnityWorks\WorkHere\UnityLuaGame\build\slua.c">
      <Filter>..</Filter>
    </ClCompile>
  </ItemGroup>
  <ItemGroup>
    <ClInclude Include="E:\UnityWorks\WorkHere\UnityLuaGame\build\vsproject-2.0.4\lj_ffdef.h">
      <Filter>E:/UnityWorks/WorkHere/UnityLuaGame/build/vsproject-2.0.4</Filter>
    </ClInclude>
    <ClInclude Include="E:\UnityWorks\WorkHere\UnityLuaGame\build\vsproject-2.0.4\lj_bcdef.h">
      <Filter>E:/UnityWorks/WorkHere/UnityLuaGame/build/vsproject-2.0.4</Filter>
    </ClInclude>
    <ClInclude Include="E:\UnityWorks\WorkHere\UnityLuaGame\build\vsproject-2.0.4\lj_libdef.h">
      <Filter>E:/UnityWorks/WorkHere/UnityLuaGame/build/vsproject-2.0.4</Filter>
    </ClInclude>
    <ClInclude Include="E:\UnityWorks\WorkHere\UnityLuaGame\build\vsproject-2.0.4\lj_recdef.h">
      <Filter>E:/UnityWorks/WorkHere/UnityLuaGame/build/vsproject-2.0.4</Filter>
    </ClInclude>
    <ClInclude Include="E:\UnityWorks\WorkHere\UnityLuaGame\build\vsproject-2.0.4\lj_folddef.h">
      <Filter>E:/UnityWorks/WorkHere/UnityLuaGame/build/vsproject-2.0.4</Filter>
    </ClInclude>
    <ClInclude Include="E:\UnityWorks\WorkHere\UnityLuaGame\build\luasocket-2.0.2\src\wsocket.h">
      <Filter>../luasocket-2.0.2/src</Filter>
    </ClInclude>
    <ClInclude Include="E:\UnityWorks\WorkHere\UnityLuaGame\build\luasocket-2.0.2\src\auxiliar.h">
      <Filter>../luasocket-2.0.2/src</Filter>
    </ClInclude>
    <ClInclude Include="E:\UnityWorks\WorkHere\UnityLuaGame\build\luasocket-2.0.2\src\buffer.h">
      <Filter>../luasocket-2.0.2/src</Filter>
    </ClInclude>
    <ClInclude Include="E:\UnityWorks\WorkHere\UnityLuaGame\build\luasocket-2.0.2\src\except.h">
      <Filter>../luasocket-2.0.2/src</Filter>
    </ClInclude>
    <ClInclude Include="E:\UnityWorks\WorkHere\UnityLuaGame\build\luasocket-2.0.2\src\inet.h">
      <Filter>../luasocket-2.0.2/src</Filter>
    </ClInclude>
    <ClInclude Include="E:\UnityWorks\WorkHere\UnityLuaGame\build\luasocket-2.0.2\src\io.h">
      <Filter>../luasocket-2.0.2/src</Filter>
    </ClInclude>
    <ClInclude Include="E:\UnityWorks\WorkHere\UnityLuaGame\build\luasocket-2.0.2\src\options.h">
      <Filter>../luasocket-2.0.2/src</Filter>
    </ClInclude>
    <ClInclude Include="E:\UnityWorks\WorkHere\UnityLuaGame\build\luasocket-2.0.2\src\select.h">
      <Filter>../luasocket-2.0.2/src</Filter>
    </ClInclude>
    <ClInclude Include="E:\UnityWorks\WorkHere\UnityLuaGame\build\luasocket-2.0.2\src\tcp.h">
      <Filter>../luasocket-2.0.2/src</Filter>
    </ClInclude>
    <ClInclude Include="E:\UnityWorks\WorkHere\UnityLuaGame\build\luasocket-2.0.2\src\timeout.h">
      <Filter>../luasocket-2.0.2/src</Filter>
    </ClInclude>
    <ClInclude Include="E:\UnityWorks\WorkHere\UnityLuaGame\build\luasocket-2.0.2\src\udp.h">
      <Filter>../luasocket-2.0.2/src</Filter>
    </ClInclude>
    <ClInclude Include="E:\UnityWorks\WorkHere\UnityLuaGame\build\luasocket-2.0.2\src\luasocket.h">
      <Filter>../luasocket-2.0.2/src</Filter>
    </ClInclude>
    <ClInclude Include="E:\UnityWorks\WorkHere\UnityLuaGame\build\lua-cjson-2.1.0\strbuf.h">
      <Filter>../lua-cjson-2.1.0</Filter>
    </ClInclude>
    <ClInclude Include="E:\UnityWorks\WorkHere\UnityLuaGame\build\lua-cjson-2.1.0\fpconv.h">
      <Filter>../lua-cjson-2.1.0</Filter>
    </ClInclude>
    <ClInclude Include="E:\UnityWorks\WorkHere\UnityLuaGame\build\lpeg\lpeg.h">
      <Filter>../lpeg</Filter>
    </ClInclude>
    <ClInclude Include="E:\UnityWorks\WorkHere\UnityLuaGame\build\pbc-win\pbc.h">
      <Filter>../pbc-win</Filter>
    </ClInclude>
    <ClInclude Include="E:\UnityWorks\WorkHere\UnityLuaGame\build\pbc-win\src\stringpool.h">
      <Filter>../pbc-win/src</Filter>
    </ClInclude>
    <ClInclude Include="E:\UnityWorks\WorkHere\UnityLuaGame\build\pbc-win\src\varint.h">
      <Filter>../pbc-win/src</Filter>
    </ClInclude>
    <ClInclude Include="E:\UnityWorks\WorkHere\UnityLuaGame\build\pbc-win\src\map.h">
      <Filter>../pbc-win/src</Filter>
    </ClInclude>
    <ClInclude Include="E:\UnityWorks\WorkHere\UnityLuaGame\build\pbc-win\src\pattern.h">
      <Filter>../pbc-win/src</Filter>
    </ClInclude>
    <ClInclude Include="E:\UnityWorks\WorkHere\UnityLuaGame\build\pbc-win\src\proto.h">
      <Filter>../pbc-win/src</Filter>
    </ClInclude>
    <ClInclude Include="E:\UnityWorks\WorkHere\UnityLuaGame\build\pbc-win\src\array.h">
      <Filter>../pbc-win/src</Filter>
    </ClInclude>
    <ClInclude Include="E:\UnityWorks\WorkHere\UnityLuaGame\build\pbc-win\src\bootstrap.h">
      <Filter>../pbc-win/src</Filter>
    </ClInclude>
    <ClInclude Include="E:\UnityWorks\WorkHere\UnityLuaGame\build\pbc-win\src\context.h">
      <Filter>../pbc-win/src</Filter>
    </ClInclude>
    <ClInclude Include="E:\UnityWorks\WorkHere\UnityLuaGame\build\pbc-win\src\descriptor.pbc.h">
      <Filter>../pbc-win/src</Filter>
    </ClInclude>
    <ClInclude Include="E:\UnityWorks\WorkHere\UnityLuaGame\build\pbc-win\src\alloc.h">
      <Filter>../pbc-win/src</Filter>
    </ClInclude>
  </ItemGroup>
  <ItemGroup>
    <CustomBuild Include="E:\UnityWorks\WorkHere\UnityLuaGame\build\luajit-2.0.4\CMakeLists.txt" />
    <CustomBuild Include="E:\UnityWorks\WorkHere\UnityLuaGame\build\vsproject-2.0.4\CMakeFiles\4f08d7e75e63c47b73111f57f64f3354\lj_vm.obj.rule">
      <Filter>CMake Rules</Filter>
    </CustomBuild>
    <CustomBuild Include="E:\UnityWorks\WorkHere\UnityLuaGame\build\vsproject-2.0.4\CMakeFiles\4f08d7e75e63c47b73111f57f64f3354\lj_ffdef.h.rule">
      <Filter>CMake Rules</Filter>
    </CustomBuild>
    <CustomBuild Include="E:\UnityWorks\WorkHere\UnityLuaGame\build\vsproject-2.0.4\CMakeFiles\4f08d7e75e63c47b73111f57f64f3354\lj_bcdef.h.rule">
      <Filter>CMake Rules</Filter>
    </CustomBuild>
    <CustomBuild Include="E:\UnityWorks\WorkHere\UnityLuaGame\build\vsproject-2.0.4\CMakeFiles\4f08d7e75e63c47b73111f57f64f3354\lj_libdef.h.rule">
      <Filter>CMake Rules</Filter>
    </CustomBuild>
    <CustomBuild Include="E:\UnityWorks\WorkHere\UnityLuaGame\build\vsproject-2.0.4\CMakeFiles\4f08d7e75e63c47b73111f57f64f3354\lj_recdef.h.rule">
      <Filter>CMake Rules</Filter>
    </CustomBuild>
    <CustomBuild Include="E:\UnityWorks\WorkHere\UnityLuaGame\build\vsproject-2.0.4\CMakeFiles\4f08d7e75e63c47b73111f57f64f3354\lj_folddef.h.rule">
      <Filter>CMake Rules</Filter>
    </CustomBuild>
  </ItemGroup>
  <ItemGroup>
    <Object Include="E:\UnityWorks\WorkHere\UnityLuaGame\build\vsproject-2.0.4\lj_vm.obj">
      <Filter>E:/UnityWorks/WorkHere/UnityLuaGame/build/vsproject-2.0.4</Filter>
    </Object>
  </ItemGroup>
  <ItemGroup>
    <Filter Include="CMake Rules">
      <UniqueIdentifier>{AB2625BF-9E8A-324A-B071-AF348973FF12}</UniqueIdentifier>
    </Filter>
    <Filter Include="E:/UnityWorks/WorkHere/UnityLuaGame/build/vsproject-2.0.4">
      <UniqueIdentifier>{704A97A7-F4C3-3AB3-A576-E353FC0F5789}</UniqueIdentifier>
    </Filter>
    <Filter Include="../luasocket-2.0.2/src">
      <UniqueIdentifier>{F6C66882-DBC9-3882-9E90-324F85F9CA1D}</UniqueIdentifier>
    </Filter>
    <Filter Include="../lua-cjson-2.1.0">
      <UniqueIdentifier>{6B5C2DCD-2393-3735-807F-E73F5D98AF0D}</UniqueIdentifier>
    </Filter>
    <Filter Include="../lpeg">
      <UniqueIdentifier>{3BEEEAC7-362D-371E-BB33-57457BA63312}</UniqueIdentifier>
    </Filter>
    <Filter Include="../pbc-win">
      <UniqueIdentifier>{E20881DB-8921-3EF8-B9EC-E6253CB0C9AE}</UniqueIdentifier>
    </Filter>
    <Filter Include="../pbc-win/src">
      <UniqueIdentifier>{6DC349A4-6FEA-3E83-9D26-A8727FABD533}</UniqueIdentifier>
    </Filter>
    <Filter Include="src">
      <UniqueIdentifier>{1B99BA55-34E0-351B-B1E1-05D1FC7D8A5C}</UniqueIdentifier>
    </Filter>
    <Filter Include="..">
      <UniqueIdentifier>{5F07C88D-6036-30C8-960C-66D4DFAB83A7}</UniqueIdentifier>
    </Filter>
    <Filter Include="../pbc-win/binding/lua">
      <UniqueIdentifier>{7783D771-702A-3F45-808E-56CAF27DB46E}</UniqueIdentifier>
    </Filter>
  </ItemGroup>
</Project>
