Microsoft Visual Studio Solution File, Format Version 12.00
# Visual Studio 14
Project("{8BC9CEB8-8B4A-11D0-8D11-00A0C91BC942}") = "ALL_BUILD", "ALL_BUILD.vcxproj", "{890E1C52-D9F0-3E7F-A30D-A5A70A5A8B37}"
	ProjectSection(ProjectDependencies) = postProject
		{D7C76961-C287-3282-8F91-967D18114456} = {D7C76961-C287-3282-8F91-967D18114456}
		{C9E19251-246D-3B7C-BB33-16F269844F17} = {C9E19251-246D-3B7C-BB33-16F269844F17}
		{4AF98CD1-AC1C-3BF1-81D4-4E5423FC3A30} = {4AF98CD1-AC1C-3BF1-81D4-4E5423FC3A30}
		{606874CE-9950-3E0F-8994-5090E0E91E82} = {606874CE-9950-3E0F-8994-5090E0E91E82}
		{04424C77-DC3D-3685-9723-EB56E2197B2C} = {04424C77-DC3D-3685-9723-EB56E2197B2C}
		{E5743B8F-89AA-3588-9B83-3AF40ECEEB39} = {E5743B8F-89AA-3588-9B83-3AF40ECEEB39}
	EndProjectSection
EndProject
Project("{8BC9CEB8-8B4A-11D0-8D11-00A0C91BC942}") = "INSTALL", "INSTALL.vcxproj", "{6FC62F28-107F-3122-A41B-C5EC733FB064}"
	ProjectSection(ProjectDependencies) = postProject
		{890E1C52-D9F0-3E7F-A30D-A5A70A5A8B37} = {890E1C52-D9F0-3E7F-A30D-A5A70A5A8B37}
	EndProjectSection
EndProject
Project("{8BC9CEB8-8B4A-11D0-8D11-00A0C91BC942}") = "PACKAGE", "PACKAGE.vcxproj", "{CF845333-BDAE-3160-8AE0-413322E3C3C7}"
	ProjectSection(ProjectDependencies) = postProject
		{890E1C52-D9F0-3E7F-A30D-A5A70A5A8B37} = {890E1C52-D9F0-3E7F-A30D-A5A70A5A8B37}
	EndProjectSection
EndProject
Project("{8BC9CEB8-8B4A-11D0-8D11-00A0C91BC942}") = "ZERO_CHECK", "ZERO_CHECK.vcxproj", "{D7C76961-C287-3282-8F91-967D18114456}"
	ProjectSection(ProjectDependencies) = postProject
	EndProjectSection
EndProject
Project("{8BC9CEB8-8B4A-11D0-8D11-00A0C91BC942}") = "buildvm", "buildvm.vcxproj", "{C9E19251-246D-3B7C-BB33-16F269844F17}"
	ProjectSection(ProjectDependencies) = postProject
		{D7C76961-C287-3282-8F91-967D18114456} = {D7C76961-C287-3282-8F91-967D18114456}
		{04424C77-DC3D-3685-9723-EB56E2197B2C} = {04424C77-DC3D-3685-9723-EB56E2197B2C}
	EndProjectSection
EndProject
Project("{8BC9CEB8-8B4A-11D0-8D11-00A0C91BC942}") = "liblua", "liblua.vcxproj", "{4AF98CD1-AC1C-3BF1-81D4-4E5423FC3A30}"
	ProjectSection(ProjectDependencies) = postProject
		{D7C76961-C287-3282-8F91-967D18114456} = {D7C76961-C287-3282-8F91-967D18114456}
		{C9E19251-246D-3B7C-BB33-16F269844F17} = {C9E19251-246D-3B7C-BB33-16F269844F17}
	EndProjectSection
EndProject
Project("{8BC9CEB8-8B4A-11D0-8D11-00A0C91BC942}") = "luajit", "luajit.vcxproj", "{606874CE-9950-3E0F-8994-5090E0E91E82}"
	ProjectSection(ProjectDependencies) = postProject
		{D7C76961-C287-3282-8F91-967D18114456} = {D7C76961-C287-3282-8F91-967D18114456}
		{4AF98CD1-AC1C-3BF1-81D4-4E5423FC3A30} = {4AF98CD1-AC1C-3BF1-81D4-4E5423FC3A30}
	EndProjectSection
EndProject
Project("{8BC9CEB8-8B4A-11D0-8D11-00A0C91BC942}") = "minilua", "minilua.vcxproj", "{04424C77-DC3D-3685-9723-EB56E2197B2C}"
	ProjectSection(ProjectDependencies) = postProject
		{D7C76961-C287-3282-8F91-967D18114456} = {D7C76961-C287-3282-8F91-967D18114456}
	EndProjectSection
EndProject
Project("{8BC9CEB8-8B4A-11D0-8D11-00A0C91BC942}") = "wluajit", "wluajit.vcxproj", "{E5743B8F-89AA-3588-9B83-3AF40ECEEB39}"
	ProjectSection(ProjectDependencies) = postProject
		{D7C76961-C287-3282-8F91-967D18114456} = {D7C76961-C287-3282-8F91-967D18114456}
		{4AF98CD1-AC1C-3BF1-81D4-4E5423FC3A30} = {4AF98CD1-AC1C-3BF1-81D4-4E5423FC3A30}
	EndProjectSection
EndProject
Global
	GlobalSection(SolutionConfigurationPlatforms) = preSolution
		Debug|Win32 = Debug|Win32
		Release|Win32 = Release|Win32
		MinSizeRel|Win32 = MinSizeRel|Win32
		RelWithDebInfo|Win32 = RelWithDebInfo|Win32
	EndGlobalSection
	GlobalSection(ProjectConfigurationPlatforms) = postSolution
		{890E1C52-D9F0-3E7F-A30D-A5A70A5A8B37}.Debug|Win32.ActiveCfg = Debug|Win32
		{890E1C52-D9F0-3E7F-A30D-A5A70A5A8B37}.Debug|Win32.Build.0 = Debug|Win32
		{890E1C52-D9F0-3E7F-A30D-A5A70A5A8B37}.Release|Win32.ActiveCfg = Release|Win32
		{890E1C52-D9F0-3E7F-A30D-A5A70A5A8B37}.Release|Win32.Build.0 = Release|Win32
		{890E1C52-D9F0-3E7F-A30D-A5A70A5A8B37}.MinSizeRel|Win32.ActiveCfg = MinSizeRel|Win32
		{890E1C52-D9F0-3E7F-A30D-A5A70A5A8B37}.MinSizeRel|Win32.Build.0 = MinSizeRel|Win32
		{890E1C52-D9F0-3E7F-A30D-A5A70A5A8B37}.RelWithDebInfo|Win32.ActiveCfg = RelWithDebInfo|Win32
		{890E1C52-D9F0-3E7F-A30D-A5A70A5A8B37}.RelWithDebInfo|Win32.Build.0 = RelWithDebInfo|Win32
		{6FC62F28-107F-3122-A41B-C5EC733FB064}.Debug|Win32.ActiveCfg = Debug|Win32
		{6FC62F28-107F-3122-A41B-C5EC733FB064}.Release|Win32.ActiveCfg = Release|Win32
		{6FC62F28-107F-3122-A41B-C5EC733FB064}.MinSizeRel|Win32.ActiveCfg = MinSizeRel|Win32
		{6FC62F28-107F-3122-A41B-C5EC733FB064}.RelWithDebInfo|Win32.ActiveCfg = RelWithDebInfo|Win32
		{CF845333-BDAE-3160-8AE0-413322E3C3C7}.Debug|Win32.ActiveCfg = Debug|Win32
		{CF845333-BDAE-3160-8AE0-413322E3C3C7}.Release|Win32.ActiveCfg = Release|Win32
		{CF845333-BDAE-3160-8AE0-413322E3C3C7}.MinSizeRel|Win32.ActiveCfg = MinSizeRel|Win32
		{CF845333-BDAE-3160-8AE0-413322E3C3C7}.RelWithDebInfo|Win32.ActiveCfg = RelWithDebInfo|Win32
		{D7C76961-C287-3282-8F91-967D18114456}.Debug|Win32.ActiveCfg = Debug|Win32
		{D7C76961-C287-3282-8F91-967D18114456}.Debug|Win32.Build.0 = Debug|Win32
		{D7C76961-C287-3282-8F91-967D18114456}.Release|Win32.ActiveCfg = Release|Win32
		{D7C76961-C287-3282-8F91-967D18114456}.Release|Win32.Build.0 = Release|Win32
		{D7C76961-C287-3282-8F91-967D18114456}.MinSizeRel|Win32.ActiveCfg = MinSizeRel|Win32
		{D7C76961-C287-3282-8F91-967D18114456}.MinSizeRel|Win32.Build.0 = MinSizeRel|Win32
		{D7C76961-C287-3282-8F91-967D18114456}.RelWithDebInfo|Win32.ActiveCfg = RelWithDebInfo|Win32
		{D7C76961-C287-3282-8F91-967D18114456}.RelWithDebInfo|Win32.Build.0 = RelWithDebInfo|Win32
		{C9E19251-246D-3B7C-BB33-16F269844F17}.Debug|Win32.ActiveCfg = Debug|Win32
		{C9E19251-246D-3B7C-BB33-16F269844F17}.Debug|Win32.Build.0 = Debug|Win32
		{C9E19251-246D-3B7C-BB33-16F269844F17}.Release|Win32.ActiveCfg = Release|Win32
		{C9E19251-246D-3B7C-BB33-16F269844F17}.Release|Win32.Build.0 = Release|Win32
		{C9E19251-246D-3B7C-BB33-16F269844F17}.MinSizeRel|Win32.ActiveCfg = MinSizeRel|Win32
		{C9E19251-246D-3B7C-BB33-16F269844F17}.MinSizeRel|Win32.Build.0 = MinSizeRel|Win32
		{C9E19251-246D-3B7C-BB33-16F269844F17}.RelWithDebInfo|Win32.ActiveCfg = RelWithDebInfo|Win32
		{C9E19251-246D-3B7C-BB33-16F269844F17}.RelWithDebInfo|Win32.Build.0 = RelWithDebInfo|Win32
		{4AF98CD1-AC1C-3BF1-81D4-4E5423FC3A30}.Debug|Win32.ActiveCfg = Debug|Win32
		{4AF98CD1-AC1C-3BF1-81D4-4E5423FC3A30}.Debug|Win32.Build.0 = Debug|Win32
		{4AF98CD1-AC1C-3BF1-81D4-4E5423FC3A30}.Release|Win32.ActiveCfg = Release|Win32
		{4AF98CD1-AC1C-3BF1-81D4-4E5423FC3A30}.Release|Win32.Build.0 = Release|Win32
		{4AF98CD1-AC1C-3BF1-81D4-4E5423FC3A30}.MinSizeRel|Win32.ActiveCfg = MinSizeRel|Win32
		{4AF98CD1-AC1C-3BF1-81D4-4E5423FC3A30}.MinSizeRel|Win32.Build.0 = MinSizeRel|Win32
		{4AF98CD1-AC1C-3BF1-81D4-4E5423FC3A30}.RelWithDebInfo|Win32.ActiveCfg = RelWithDebInfo|Win32
		{4AF98CD1-AC1C-3BF1-81D4-4E5423FC3A30}.RelWithDebInfo|Win32.Build.0 = RelWithDebInfo|Win32
		{606874CE-9950-3E0F-8994-5090E0E91E82}.Debug|Win32.ActiveCfg = Debug|Win32
		{606874CE-9950-3E0F-8994-5090E0E91E82}.Debug|Win32.Build.0 = Debug|Win32
		{606874CE-9950-3E0F-8994-5090E0E91E82}.Release|Win32.ActiveCfg = Release|Win32
		{606874CE-9950-3E0F-8994-5090E0E91E82}.Release|Win32.Build.0 = Release|Win32
		{606874CE-9950-3E0F-8994-5090E0E91E82}.MinSizeRel|Win32.ActiveCfg = MinSizeRel|Win32
		{606874CE-9950-3E0F-8994-5090E0E91E82}.MinSizeRel|Win32.Build.0 = MinSizeRel|Win32
		{606874CE-9950-3E0F-8994-5090E0E91E82}.RelWithDebInfo|Win32.ActiveCfg = RelWithDebInfo|Win32
		{606874CE-9950-3E0F-8994-5090E0E91E82}.RelWithDebInfo|Win32.Build.0 = RelWithDebInfo|Win32
		{04424C77-DC3D-3685-9723-EB56E2197B2C}.Debug|Win32.ActiveCfg = Debug|Win32
		{04424C77-DC3D-3685-9723-EB56E2197B2C}.Debug|Win32.Build.0 = Debug|Win32
		{04424C77-DC3D-3685-9723-EB56E2197B2C}.Release|Win32.ActiveCfg = Release|Win32
		{04424C77-DC3D-3685-9723-EB56E2197B2C}.Release|Win32.Build.0 = Release|Win32
		{04424C77-DC3D-3685-9723-EB56E2197B2C}.MinSizeRel|Win32.ActiveCfg = MinSizeRel|Win32
		{04424C77-DC3D-3685-9723-EB56E2197B2C}.MinSizeRel|Win32.Build.0 = MinSizeRel|Win32
		{04424C77-DC3D-3685-9723-EB56E2197B2C}.RelWithDebInfo|Win32.ActiveCfg = RelWithDebInfo|Win32
		{04424C77-DC3D-3685-9723-EB56E2197B2C}.RelWithDebInfo|Win32.Build.0 = RelWithDebInfo|Win32
		{E5743B8F-89AA-3588-9B83-3AF40ECEEB39}.Debug|Win32.ActiveCfg = Debug|Win32
		{E5743B8F-89AA-3588-9B83-3AF40ECEEB39}.Debug|Win32.Build.0 = Debug|Win32
		{E5743B8F-89AA-3588-9B83-3AF40ECEEB39}.Release|Win32.ActiveCfg = Release|Win32
		{E5743B8F-89AA-3588-9B83-3AF40ECEEB39}.Release|Win32.Build.0 = Release|Win32
		{E5743B8F-89AA-3588-9B83-3AF40ECEEB39}.MinSizeRel|Win32.ActiveCfg = MinSizeRel|Win32
		{E5743B8F-89AA-3588-9B83-3AF40ECEEB39}.MinSizeRel|Win32.Build.0 = MinSizeRel|Win32
		{E5743B8F-89AA-3588-9B83-3AF40ECEEB39}.RelWithDebInfo|Win32.ActiveCfg = RelWithDebInfo|Win32
		{E5743B8F-89AA-3588-9B83-3AF40ECEEB39}.RelWithDebInfo|Win32.Build.0 = RelWithDebInfo|Win32
	EndGlobalSection
	GlobalSection(ExtensibilityGlobals) = postSolution
	EndGlobalSection
	GlobalSection(ExtensibilityAddIns) = postSolution
	EndGlobalSection
EndGlobal
