
Microsoft Visual Studio Solution File, Format Version 12.00
# Visual Studio 14
VisualStudioVersion = 14.0.23107.0
MinimumVisualStudioVersion = 10.0.40219.1
Project("{8BC9CEB8-8B4A-11D0-8D11-00A0C91BC942}") = "FengEngine", "FengEngine.vcxproj", "{C9C216A1-84C4-4056-9956-24ABD9BA9058}"
EndProject
Project("{2150E333-8FDC-42A3-9474-1A3956D46DE8}") = "3rd", "3rd", "{2EDD18BC-00CD-47ED-8AEC-BAAF49C83858}"
EndProject
Project("{8BC9CEB8-8B4A-11D0-8D11-00A0C91BC942}") = "pb", "3rd\pb\pb.vcxproj", "{CD674353-5348-4155-9B8E-637F1A035F2E}"
	ProjectSection(ProjectDependencies) = postProject
		{C9C216A1-84C4-4056-9956-24ABD9BA9058} = {C9C216A1-84C4-4056-9956-24ABD9BA9058}
	EndProjectSection
EndProject
Project("{8BC9CEB8-8B4A-11D0-8D11-00A0C91BC942}") = "socket.core", "3rd\socket.core\socket.core.vcxproj", "{398BC53A-6408-4F9C-9F65-83E1ACF3BFB6}"
	ProjectSection(ProjectDependencies) = postProject
		{C9C216A1-84C4-4056-9956-24ABD9BA9058} = {C9C216A1-84C4-4056-9956-24ABD9BA9058}
	EndProjectSection
EndProject
Project("{8BC9CEB8-8B4A-11D0-8D11-00A0C91BC942}") = "lpeg", "3rd\lpeg\lpeg.vcxproj", "{65F1EF6F-239F-47A6-B5DE-19CB5153A5C6}"
	ProjectSection(ProjectDependencies) = postProject
		{C9C216A1-84C4-4056-9956-24ABD9BA9058} = {C9C216A1-84C4-4056-9956-24ABD9BA9058}
	EndProjectSection
EndProject
Project("{8BC9CEB8-8B4A-11D0-8D11-00A0C91BC942}") = "cjson", "3rd\cjson\cjson.vcxproj", "{6E681639-B8A4-4926-9669-A0BEF84AFC5A}"
	ProjectSection(ProjectDependencies) = postProject
		{C9C216A1-84C4-4056-9956-24ABD9BA9058} = {C9C216A1-84C4-4056-9956-24ABD9BA9058}
	EndProjectSection
EndProject
Project("{8BC9CEB8-8B4A-11D0-8D11-00A0C91BC942}") = "protobuf.c", "3rd\protobuf.c\protobuf.c.vcxproj", "{AEAD9706-24E2-4E79-8E27-E046B4B84601}"
	ProjectSection(ProjectDependencies) = postProject
		{C9C216A1-84C4-4056-9956-24ABD9BA9058} = {C9C216A1-84C4-4056-9956-24ABD9BA9058}
	EndProjectSection
EndProject
Project("{8BC9CEB8-8B4A-11D0-8D11-00A0C91BC942}") = "sproto.core", "3rd\sproto.core\sproto.core.vcxproj", "{A278081E-98EB-4565-B060-05FBFDB08E51}"
	ProjectSection(ProjectDependencies) = postProject
		{C9C216A1-84C4-4056-9956-24ABD9BA9058} = {C9C216A1-84C4-4056-9956-24ABD9BA9058}
	EndProjectSection
EndProject
Project("{8BC9CEB8-8B4A-11D0-8D11-00A0C91BC942}") = "cjson.safe", "3rd\cjson.safe\cjson.safe.vcxproj", "{91B1588B-66FF-4D8F-9B29-A754C063E704}"
	ProjectSection(ProjectDependencies) = postProject
		{C9C216A1-84C4-4056-9956-24ABD9BA9058} = {C9C216A1-84C4-4056-9956-24ABD9BA9058}
	EndProjectSection
EndProject
Project("{8BC9CEB8-8B4A-11D0-8D11-00A0C91BC942}") = "lfs", "3rd\lfs\lfs.vcxproj", "{D222EBED-A103-43FA-B718-09669B3444AB}"
	ProjectSection(ProjectDependencies) = postProject
		{C9C216A1-84C4-4056-9956-24ABD9BA9058} = {C9C216A1-84C4-4056-9956-24ABD9BA9058}
	EndProjectSection
EndProject
Global
	GlobalSection(SolutionConfigurationPlatforms) = preSolution
		Debug_Native|x64 = Debug_Native|x64
		Debug_Native|x86 = Debug_Native|x86
		Debug|x64 = Debug|x64
		Debug|x86 = Debug|x86
		Release_Native|x64 = Release_Native|x64
		Release_Native|x86 = Release_Native|x86
		Release|x64 = Release|x64
		Release|x86 = Release|x86
	EndGlobalSection
	GlobalSection(ProjectConfigurationPlatforms) = postSolution
		{C9C216A1-84C4-4056-9956-24ABD9BA9058}.Debug_Native|x64.ActiveCfg = Debug_Native|x64
		{C9C216A1-84C4-4056-9956-24ABD9BA9058}.Debug_Native|x64.Build.0 = Debug_Native|x64
		{C9C216A1-84C4-4056-9956-24ABD9BA9058}.Debug_Native|x86.ActiveCfg = Debug_Native|Win32
		{C9C216A1-84C4-4056-9956-24ABD9BA9058}.Debug_Native|x86.Build.0 = Debug_Native|Win32
		{C9C216A1-84C4-4056-9956-24ABD9BA9058}.Debug|x64.ActiveCfg = Debug|x64
		{C9C216A1-84C4-4056-9956-24ABD9BA9058}.Debug|x64.Build.0 = Debug|x64
		{C9C216A1-84C4-4056-9956-24ABD9BA9058}.Debug|x86.ActiveCfg = Debug|Win32
		{C9C216A1-84C4-4056-9956-24ABD9BA9058}.Debug|x86.Build.0 = Debug|Win32
		{C9C216A1-84C4-4056-9956-24ABD9BA9058}.Release_Native|x64.ActiveCfg = Release_Native|x64
		{C9C216A1-84C4-4056-9956-24ABD9BA9058}.Release_Native|x64.Build.0 = Release_Native|x64
		{C9C216A1-84C4-4056-9956-24ABD9BA9058}.Release_Native|x86.ActiveCfg = Release_Native|Win32
		{C9C216A1-84C4-4056-9956-24ABD9BA9058}.Release_Native|x86.Build.0 = Release_Native|Win32
		{C9C216A1-84C4-4056-9956-24ABD9BA9058}.Release|x64.ActiveCfg = Release|x64
		{C9C216A1-84C4-4056-9956-24ABD9BA9058}.Release|x64.Build.0 = Release|x64
		{C9C216A1-84C4-4056-9956-24ABD9BA9058}.Release|x86.ActiveCfg = Release|Win32
		{C9C216A1-84C4-4056-9956-24ABD9BA9058}.Release|x86.Build.0 = Release|Win32
		{CD674353-5348-4155-9B8E-637F1A035F2E}.Debug_Native|x64.ActiveCfg = Debug_Native|x64
		{CD674353-5348-4155-9B8E-637F1A035F2E}.Debug_Native|x64.Build.0 = Debug_Native|x64
		{CD674353-5348-4155-9B8E-637F1A035F2E}.Debug_Native|x86.ActiveCfg = Debug_Native|Win32
		{CD674353-5348-4155-9B8E-637F1A035F2E}.Debug_Native|x86.Build.0 = Debug_Native|Win32
		{CD674353-5348-4155-9B8E-637F1A035F2E}.Debug|x64.ActiveCfg = Debug|x64
		{CD674353-5348-4155-9B8E-637F1A035F2E}.Debug|x64.Build.0 = Debug|x64
		{CD674353-5348-4155-9B8E-637F1A035F2E}.Debug|x86.ActiveCfg = Debug|Win32
		{CD674353-5348-4155-9B8E-637F1A035F2E}.Debug|x86.Build.0 = Debug|Win32
		{CD674353-5348-4155-9B8E-637F1A035F2E}.Release_Native|x64.ActiveCfg = Release_Native|x64
		{CD674353-5348-4155-9B8E-637F1A035F2E}.Release_Native|x64.Build.0 = Release_Native|x64
		{CD674353-5348-4155-9B8E-637F1A035F2E}.Release_Native|x86.ActiveCfg = Release_Native|Win32
		{CD674353-5348-4155-9B8E-637F1A035F2E}.Release_Native|x86.Build.0 = Release_Native|Win32
		{CD674353-5348-4155-9B8E-637F1A035F2E}.Release|x64.ActiveCfg = Release|x64
		{CD674353-5348-4155-9B8E-637F1A035F2E}.Release|x64.Build.0 = Release|x64
		{CD674353-5348-4155-9B8E-637F1A035F2E}.Release|x86.ActiveCfg = Release|Win32
		{CD674353-5348-4155-9B8E-637F1A035F2E}.Release|x86.Build.0 = Release|Win32
		{398BC53A-6408-4F9C-9F65-83E1ACF3BFB6}.Debug_Native|x64.ActiveCfg = Debug_Native|x64
		{398BC53A-6408-4F9C-9F65-83E1ACF3BFB6}.Debug_Native|x64.Build.0 = Debug_Native|x64
		{398BC53A-6408-4F9C-9F65-83E1ACF3BFB6}.Debug_Native|x86.ActiveCfg = Debug_Native|Win32
		{398BC53A-6408-4F9C-9F65-83E1ACF3BFB6}.Debug_Native|x86.Build.0 = Debug_Native|Win32
		{398BC53A-6408-4F9C-9F65-83E1ACF3BFB6}.Debug|x64.ActiveCfg = Debug|x64
		{398BC53A-6408-4F9C-9F65-83E1ACF3BFB6}.Debug|x64.Build.0 = Debug|x64
		{398BC53A-6408-4F9C-9F65-83E1ACF3BFB6}.Debug|x86.ActiveCfg = Debug|Win32
		{398BC53A-6408-4F9C-9F65-83E1ACF3BFB6}.Debug|x86.Build.0 = Debug|Win32
		{398BC53A-6408-4F9C-9F65-83E1ACF3BFB6}.Release_Native|x64.ActiveCfg = Release_Native|x64
		{398BC53A-6408-4F9C-9F65-83E1ACF3BFB6}.Release_Native|x64.Build.0 = Release_Native|x64
		{398BC53A-6408-4F9C-9F65-83E1ACF3BFB6}.Release_Native|x86.ActiveCfg = Release_Native|Win32
		{398BC53A-6408-4F9C-9F65-83E1ACF3BFB6}.Release_Native|x86.Build.0 = Release_Native|Win32
		{398BC53A-6408-4F9C-9F65-83E1ACF3BFB6}.Release|x64.ActiveCfg = Release|x64
		{398BC53A-6408-4F9C-9F65-83E1ACF3BFB6}.Release|x64.Build.0 = Release|x64
		{398BC53A-6408-4F9C-9F65-83E1ACF3BFB6}.Release|x86.ActiveCfg = Release|Win32
		{398BC53A-6408-4F9C-9F65-83E1ACF3BFB6}.Release|x86.Build.0 = Release|Win32
		{65F1EF6F-239F-47A6-B5DE-19CB5153A5C6}.Debug_Native|x64.ActiveCfg = Debug_Native|x64
		{65F1EF6F-239F-47A6-B5DE-19CB5153A5C6}.Debug_Native|x64.Build.0 = Debug_Native|x64
		{65F1EF6F-239F-47A6-B5DE-19CB5153A5C6}.Debug_Native|x86.ActiveCfg = Debug_Native|Win32
		{65F1EF6F-239F-47A6-B5DE-19CB5153A5C6}.Debug_Native|x86.Build.0 = Debug_Native|Win32
		{65F1EF6F-239F-47A6-B5DE-19CB5153A5C6}.Debug|x64.ActiveCfg = Debug|x64
		{65F1EF6F-239F-47A6-B5DE-19CB5153A5C6}.Debug|x64.Build.0 = Debug|x64
		{65F1EF6F-239F-47A6-B5DE-19CB5153A5C6}.Debug|x86.ActiveCfg = Debug|Win32
		{65F1EF6F-239F-47A6-B5DE-19CB5153A5C6}.Debug|x86.Build.0 = Debug|Win32
		{65F1EF6F-239F-47A6-B5DE-19CB5153A5C6}.Release_Native|x64.ActiveCfg = Release_Native|x64
		{65F1EF6F-239F-47A6-B5DE-19CB5153A5C6}.Release_Native|x64.Build.0 = Release_Native|x64
		{65F1EF6F-239F-47A6-B5DE-19CB5153A5C6}.Release_Native|x86.ActiveCfg = Release_Native|Win32
		{65F1EF6F-239F-47A6-B5DE-19CB5153A5C6}.Release_Native|x86.Build.0 = Release_Native|Win32
		{65F1EF6F-239F-47A6-B5DE-19CB5153A5C6}.Release|x64.ActiveCfg = Release|x64
		{65F1EF6F-239F-47A6-B5DE-19CB5153A5C6}.Release|x64.Build.0 = Release|x64
		{65F1EF6F-239F-47A6-B5DE-19CB5153A5C6}.Release|x86.ActiveCfg = Release|Win32
		{65F1EF6F-239F-47A6-B5DE-19CB5153A5C6}.Release|x86.Build.0 = Release|Win32
		{6E681639-B8A4-4926-9669-A0BEF84AFC5A}.Debug_Native|x64.ActiveCfg = Debug_Native|x64
		{6E681639-B8A4-4926-9669-A0BEF84AFC5A}.Debug_Native|x64.Build.0 = Debug_Native|x64
		{6E681639-B8A4-4926-9669-A0BEF84AFC5A}.Debug_Native|x86.ActiveCfg = Debug_Native|Win32
		{6E681639-B8A4-4926-9669-A0BEF84AFC5A}.Debug_Native|x86.Build.0 = Debug_Native|Win32
		{6E681639-B8A4-4926-9669-A0BEF84AFC5A}.Debug|x64.ActiveCfg = Debug|x64
		{6E681639-B8A4-4926-9669-A0BEF84AFC5A}.Debug|x64.Build.0 = Debug|x64
		{6E681639-B8A4-4926-9669-A0BEF84AFC5A}.Debug|x86.ActiveCfg = Debug|Win32
		{6E681639-B8A4-4926-9669-A0BEF84AFC5A}.Debug|x86.Build.0 = Debug|Win32
		{6E681639-B8A4-4926-9669-A0BEF84AFC5A}.Release_Native|x64.ActiveCfg = Release_Native|x64
		{6E681639-B8A4-4926-9669-A0BEF84AFC5A}.Release_Native|x64.Build.0 = Release_Native|x64
		{6E681639-B8A4-4926-9669-A0BEF84AFC5A}.Release_Native|x86.ActiveCfg = Release_Native|Win32
		{6E681639-B8A4-4926-9669-A0BEF84AFC5A}.Release_Native|x86.Build.0 = Release_Native|Win32
		{6E681639-B8A4-4926-9669-A0BEF84AFC5A}.Release|x64.ActiveCfg = Release|x64
		{6E681639-B8A4-4926-9669-A0BEF84AFC5A}.Release|x64.Build.0 = Release|x64
		{6E681639-B8A4-4926-9669-A0BEF84AFC5A}.Release|x86.ActiveCfg = Release|Win32
		{6E681639-B8A4-4926-9669-A0BEF84AFC5A}.Release|x86.Build.0 = Release|Win32
		{AEAD9706-24E2-4E79-8E27-E046B4B84601}.Debug_Native|x64.ActiveCfg = Debug_Native|x64
		{AEAD9706-24E2-4E79-8E27-E046B4B84601}.Debug_Native|x64.Build.0 = Debug_Native|x64
		{AEAD9706-24E2-4E79-8E27-E046B4B84601}.Debug_Native|x86.ActiveCfg = Debug_Native|Win32
		{AEAD9706-24E2-4E79-8E27-E046B4B84601}.Debug_Native|x86.Build.0 = Debug_Native|Win32
		{AEAD9706-24E2-4E79-8E27-E046B4B84601}.Debug|x64.ActiveCfg = Debug|x64
		{AEAD9706-24E2-4E79-8E27-E046B4B84601}.Debug|x64.Build.0 = Debug|x64
		{AEAD9706-24E2-4E79-8E27-E046B4B84601}.Debug|x86.ActiveCfg = Debug|Win32
		{AEAD9706-24E2-4E79-8E27-E046B4B84601}.Debug|x86.Build.0 = Debug|Win32
		{AEAD9706-24E2-4E79-8E27-E046B4B84601}.Release_Native|x64.ActiveCfg = Release_Native|x64
		{AEAD9706-24E2-4E79-8E27-E046B4B84601}.Release_Native|x64.Build.0 = Release_Native|x64
		{AEAD9706-24E2-4E79-8E27-E046B4B84601}.Release_Native|x86.ActiveCfg = Release_Native|Win32
		{AEAD9706-24E2-4E79-8E27-E046B4B84601}.Release_Native|x86.Build.0 = Release_Native|Win32
		{AEAD9706-24E2-4E79-8E27-E046B4B84601}.Release|x64.ActiveCfg = Release|x64
		{AEAD9706-24E2-4E79-8E27-E046B4B84601}.Release|x64.Build.0 = Release|x64
		{AEAD9706-24E2-4E79-8E27-E046B4B84601}.Release|x86.ActiveCfg = Release|Win32
		{AEAD9706-24E2-4E79-8E27-E046B4B84601}.Release|x86.Build.0 = Release|Win32
		{A278081E-98EB-4565-B060-05FBFDB08E51}.Debug_Native|x64.ActiveCfg = Debug_Native|x64
		{A278081E-98EB-4565-B060-05FBFDB08E51}.Debug_Native|x64.Build.0 = Debug_Native|x64
		{A278081E-98EB-4565-B060-05FBFDB08E51}.Debug_Native|x86.ActiveCfg = Debug_Native|Win32
		{A278081E-98EB-4565-B060-05FBFDB08E51}.Debug_Native|x86.Build.0 = Debug_Native|Win32
		{A278081E-98EB-4565-B060-05FBFDB08E51}.Debug|x64.ActiveCfg = Debug|x64
		{A278081E-98EB-4565-B060-05FBFDB08E51}.Debug|x64.Build.0 = Debug|x64
		{A278081E-98EB-4565-B060-05FBFDB08E51}.Debug|x86.ActiveCfg = Debug|Win32
		{A278081E-98EB-4565-B060-05FBFDB08E51}.Debug|x86.Build.0 = Debug|Win32
		{A278081E-98EB-4565-B060-05FBFDB08E51}.Release_Native|x64.ActiveCfg = Release_Native|x64
		{A278081E-98EB-4565-B060-05FBFDB08E51}.Release_Native|x64.Build.0 = Release_Native|x64
		{A278081E-98EB-4565-B060-05FBFDB08E51}.Release_Native|x86.ActiveCfg = Release_Native|Win32
		{A278081E-98EB-4565-B060-05FBFDB08E51}.Release_Native|x86.Build.0 = Release_Native|Win32
		{A278081E-98EB-4565-B060-05FBFDB08E51}.Release|x64.ActiveCfg = Release|x64
		{A278081E-98EB-4565-B060-05FBFDB08E51}.Release|x64.Build.0 = Release|x64
		{A278081E-98EB-4565-B060-05FBFDB08E51}.Release|x86.ActiveCfg = Release|Win32
		{A278081E-98EB-4565-B060-05FBFDB08E51}.Release|x86.Build.0 = Release|Win32
		{91B1588B-66FF-4D8F-9B29-A754C063E704}.Debug_Native|x64.ActiveCfg = Debug_Native|x64
		{91B1588B-66FF-4D8F-9B29-A754C063E704}.Debug_Native|x64.Build.0 = Debug_Native|x64
		{91B1588B-66FF-4D8F-9B29-A754C063E704}.Debug_Native|x86.ActiveCfg = Debug_Native|Win32
		{91B1588B-66FF-4D8F-9B29-A754C063E704}.Debug_Native|x86.Build.0 = Debug_Native|Win32
		{91B1588B-66FF-4D8F-9B29-A754C063E704}.Debug|x64.ActiveCfg = Debug|x64
		{91B1588B-66FF-4D8F-9B29-A754C063E704}.Debug|x64.Build.0 = Debug|x64
		{91B1588B-66FF-4D8F-9B29-A754C063E704}.Debug|x86.ActiveCfg = Debug|Win32
		{91B1588B-66FF-4D8F-9B29-A754C063E704}.Debug|x86.Build.0 = Debug|Win32
		{91B1588B-66FF-4D8F-9B29-A754C063E704}.Release_Native|x64.ActiveCfg = Release_Native|x64
		{91B1588B-66FF-4D8F-9B29-A754C063E704}.Release_Native|x64.Build.0 = Release_Native|x64
		{91B1588B-66FF-4D8F-9B29-A754C063E704}.Release_Native|x86.ActiveCfg = Release_Native|Win32
		{91B1588B-66FF-4D8F-9B29-A754C063E704}.Release_Native|x86.Build.0 = Release_Native|Win32
		{91B1588B-66FF-4D8F-9B29-A754C063E704}.Release|x64.ActiveCfg = Release|x64
		{91B1588B-66FF-4D8F-9B29-A754C063E704}.Release|x64.Build.0 = Release|x64
		{91B1588B-66FF-4D8F-9B29-A754C063E704}.Release|x86.ActiveCfg = Release|Win32
		{91B1588B-66FF-4D8F-9B29-A754C063E704}.Release|x86.Build.0 = Release|Win32
		{D222EBED-A103-43FA-B718-09669B3444AB}.Debug_Native|x64.ActiveCfg = Debug|x64
		{D222EBED-A103-43FA-B718-09669B3444AB}.Debug_Native|x64.Build.0 = Debug|x64
		{D222EBED-A103-43FA-B718-09669B3444AB}.Debug_Native|x86.ActiveCfg = Debug|Win32
		{D222EBED-A103-43FA-B718-09669B3444AB}.Debug_Native|x86.Build.0 = Debug|Win32
		{D222EBED-A103-43FA-B718-09669B3444AB}.Debug|x64.ActiveCfg = Debug|x64
		{D222EBED-A103-43FA-B718-09669B3444AB}.Debug|x64.Build.0 = Debug|x64
		{D222EBED-A103-43FA-B718-09669B3444AB}.Debug|x86.ActiveCfg = Debug|Win32
		{D222EBED-A103-43FA-B718-09669B3444AB}.Debug|x86.Build.0 = Debug|Win32
		{D222EBED-A103-43FA-B718-09669B3444AB}.Release_Native|x64.ActiveCfg = Release|x64
		{D222EBED-A103-43FA-B718-09669B3444AB}.Release_Native|x64.Build.0 = Release|x64
		{D222EBED-A103-43FA-B718-09669B3444AB}.Release_Native|x86.ActiveCfg = Release|Win32
		{D222EBED-A103-43FA-B718-09669B3444AB}.Release_Native|x86.Build.0 = Release|Win32
		{D222EBED-A103-43FA-B718-09669B3444AB}.Release|x64.ActiveCfg = Release|x64
		{D222EBED-A103-43FA-B718-09669B3444AB}.Release|x64.Build.0 = Release|x64
		{D222EBED-A103-43FA-B718-09669B3444AB}.Release|x86.ActiveCfg = Release|Win32
		{D222EBED-A103-43FA-B718-09669B3444AB}.Release|x86.Build.0 = Release|Win32
	EndGlobalSection
	GlobalSection(SolutionProperties) = preSolution
		HideSolutionNode = FALSE
	EndGlobalSection
	GlobalSection(NestedProjects) = preSolution
		{CD674353-5348-4155-9B8E-637F1A035F2E} = {2EDD18BC-00CD-47ED-8AEC-BAAF49C83858}
		{398BC53A-6408-4F9C-9F65-83E1ACF3BFB6} = {2EDD18BC-00CD-47ED-8AEC-BAAF49C83858}
		{65F1EF6F-239F-47A6-B5DE-19CB5153A5C6} = {2EDD18BC-00CD-47ED-8AEC-BAAF49C83858}
		{6E681639-B8A4-4926-9669-A0BEF84AFC5A} = {2EDD18BC-00CD-47ED-8AEC-BAAF49C83858}
		{AEAD9706-24E2-4E79-8E27-E046B4B84601} = {2EDD18BC-00CD-47ED-8AEC-BAAF49C83858}
		{A278081E-98EB-4565-B060-05FBFDB08E51} = {2EDD18BC-00CD-47ED-8AEC-BAAF49C83858}
		{91B1588B-66FF-4D8F-9B29-A754C063E704} = {2EDD18BC-00CD-47ED-8AEC-BAAF49C83858}
		{D222EBED-A103-43FA-B718-09669B3444AB} = {2EDD18BC-00CD-47ED-8AEC-BAAF49C83858}
	EndGlobalSection
EndGlobal
